
Microsoft Visual Studio Solution File, Format Version 12.00
# Visual Studio Version 17
VisualStudioVersion = 17.7.34031.279
MinimumVisualStudioVersion = 10.0.40219.1
Project("{9A19103F-16F7-4668-BE54-9A1E7A4F7556}") = "eCommerce.API", "eCommerce.API\eCommerce.API.csproj", "{0FA3EB76-36DC-4654-A36F-81543A39B90A}"
EndProject
Project("{9A19103F-16F7-4668-BE54-9A1E7A4F7556}") = "eCommerce.Models", "eCommerce.Models\eCommerce.Models.csproj", "{8250CD4F-53A8-4023-92F5-646E66078612}"
EndProject
Project("{FAE04EC0-301F-11D3-BF4B-00C04F79EFBC}") = "eCommerce.Console", "eCommerce.Console\eCommerce.Console.csproj", "{B1643D4B-6C40-4204-962E-7244A31F17FE}"
EndProject
Project("{9A19103F-16F7-4668-BE54-9A1E7A4F7556}") = "eCommerce.Models.DataAnotations", "eCommerce.Models.DataAnotations\eCommerce.Models.DataAnotations.csproj", "{79664318-D0CA-4B89-9669-84BF3E55B0EA}"
EndProject
Project("{9A19103F-16F7-4668-BE54-9A1E7A4F7556}") = "eCommerce.Models.FluentAPI", "eCommerce.Models.FluentAPI\eCommerce.Models.FluentAPI.csproj", "{AD0520D8-9E96-4F75-9DF8-735EDDA513CE}"
EndProject
Project("{FAE04EC0-301F-11D3-BF4B-00C04F79EFBC}") = "eCommerce.Office", "eCommerce.Office\eCommerce.Office.csproj", "{18474149-40CD-4B41-9D1E-3A544DFF69DD}"
EndProject
Global
	GlobalSection(SolutionConfigurationPlatforms) = preSolution
		Debug|Any CPU = Debug|Any CPU
		Release|Any CPU = Release|Any CPU
	EndGlobalSection
	GlobalSection(ProjectConfigurationPlatforms) = postSolution
		{0FA3EB76-36DC-4654-A36F-81543A39B90A}.Debug|Any CPU.ActiveCfg = Debug|Any CPU
		{0FA3EB76-36DC-4654-A36F-81543A39B90A}.Debug|Any CPU.Build.0 = Debug|Any CPU
		{0FA3EB76-36DC-4654-A36F-81543A39B90A}.Release|Any CPU.ActiveCfg = Release|Any CPU
		{0FA3EB76-36DC-4654-A36F-81543A39B90A}.Release|Any CPU.Build.0 = Release|Any CPU
		{8250CD4F-53A8-4023-92F5-646E66078612}.Debug|Any CPU.ActiveCfg = Debug|Any CPU
		{8250CD4F-53A8-4023-92F5-646E66078612}.Debug|Any CPU.Build.0 = Debug|Any CPU
		{8250CD4F-53A8-4023-92F5-646E66078612}.Release|Any CPU.ActiveCfg = Release|Any CPU
		{8250CD4F-53A8-4023-92F5-646E66078612}.Release|Any CPU.Build.0 = Release|Any CPU
		{B1643D4B-6C40-4204-962E-7244A31F17FE}.Debug|Any CPU.ActiveCfg = Debug|Any CPU
		{B1643D4B-6C40-4204-962E-7244A31F17FE}.Debug|Any CPU.Build.0 = Debug|Any CPU
		{B1643D4B-6C40-4204-962E-7244A31F17FE}.Release|Any CPU.ActiveCfg = Release|Any CPU
		{B1643D4B-6C40-4204-962E-7244A31F17FE}.Release|Any CPU.Build.0 = Release|Any CPU
		{79664318-D0CA-4B89-9669-84BF3E55B0EA}.Debug|Any CPU.ActiveCfg = Debug|Any CPU
		{79664318-D0CA-4B89-9669-84BF3E55B0EA}.Debug|Any CPU.Build.0 = Debug|Any CPU
		{79664318-D0CA-4B89-9669-84BF3E55B0EA}.Release|Any CPU.ActiveCfg = Release|Any CPU
		{79664318-D0CA-4B89-9669-84BF3E55B0EA}.Release|Any CPU.Build.0 = Release|Any CPU
		{AD0520D8-9E96-4F75-9DF8-735EDDA513CE}.Debug|Any CPU.ActiveCfg = Debug|Any CPU
		{AD0520D8-9E96-4F75-9DF8-735EDDA513CE}.Debug|Any CPU.Build.0 = Debug|Any CPU
		{AD0520D8-9E96-4F75-9DF8-735EDDA513CE}.Release|Any CPU.ActiveCfg = Release|Any CPU
		{AD0520D8-9E96-4F75-9DF8-735EDDA513CE}.Release|Any CPU.Build.0 = Release|Any CPU
		{18474149-40CD-4B41-9D1E-3A544DFF69DD}.Debug|Any CPU.ActiveCfg = Debug|Any CPU
		{18474149-40CD-4B41-9D1E-3A544DFF69DD}.Debug|Any CPU.Build.0 = Debug|Any CPU
		{18474149-40CD-4B41-9D1E-3A544DFF69DD}.Release|Any CPU.ActiveCfg = Release|Any CPU
		{18474149-40CD-4B41-9D1E-3A544DFF69DD}.Release|Any CPU.Build.0 = Release|Any CPU
	EndGlobalSection
	GlobalSection(SolutionProperties) = preSolution
		HideSolutionNode = FALSE
	EndGlobalSection
	GlobalSection(ExtensibilityGlobals) = postSolution
		SolutionGuid = {172FEC11-0039-4B3E-BED0-572FDF2E0D3C}
	EndGlobalSection
EndGlobal
